
Microsoft Visual Studio Solution File, Format Version 12.00
# Visual Studio Version 17
VisualStudioVersion = 17.5.33424.131
MinimumVisualStudioVersion = 10.0.40219.1
Project("{FAE04EC0-301F-11D3-BF4B-00C04F79EFBC}") = "inheritancePractice_7.1", "inheritancePractice_7.1\inheritancePractice_7.1.csproj", "{4AA10AEB-5DAD-4D20-B16F-931ADF2ECED4}"
EndProject
Project("{FAE04EC0-301F-11D3-BF4B-00C04F79EFBC}") = "Task_7.1.4", "Task_7.1.4\Task_7.1.4.csproj", "{E4CB665B-A548-4514-83B7-019AED45166B}"
EndProject
Project("{FAE04EC0-301F-11D3-BF4B-00C04F79EFBC}") = "Task_7.1.5", "Task_7.1.5\Task_7.1.5.csproj", "{45B58326-6B5F-4658-8CC3-2B2BA1BE44DE}"
EndProject
Project("{FAE04EC0-301F-11D3-BF4B-00C04F79EFBC}") = "KeywordsThisAndBase_7.1", "KeywordsThisAndBase_7.1\KeywordsThisAndBase_7.1.csproj", "{0FAF0EA3-986B-4D27-A37A-1B58FD40F247}"
EndProject
Project("{FAE04EC0-301F-11D3-BF4B-00C04F79EFBC}") = "Task_7.1.6", "Task_7.1.6\Task_7.1.6.csproj", "{75A06052-40E4-472F-97EC-66F790225A2F}"
EndProject
Global
	GlobalSection(SolutionConfigurationPlatforms) = preSolution
		Debug|Any CPU = Debug|Any CPU
		Release|Any CPU = Release|Any CPU
	EndGlobalSection
	GlobalSection(ProjectConfigurationPlatforms) = postSolution
		{4AA10AEB-5DAD-4D20-B16F-931ADF2ECED4}.Debug|Any CPU.ActiveCfg = Debug|Any CPU
		{4AA10AEB-5DAD-4D20-B16F-931ADF2ECED4}.Debug|Any CPU.Build.0 = Debug|Any CPU
		{4AA10AEB-5DAD-4D20-B16F-931ADF2ECED4}.Release|Any CPU.ActiveCfg = Release|Any CPU
		{4AA10AEB-5DAD-4D20-B16F-931ADF2ECED4}.Release|Any CPU.Build.0 = Release|Any CPU
		{E4CB665B-A548-4514-83B7-019AED45166B}.Debug|Any CPU.ActiveCfg = Debug|Any CPU
		{E4CB665B-A548-4514-83B7-019AED45166B}.Debug|Any CPU.Build.0 = Debug|Any CPU
		{E4CB665B-A548-4514-83B7-019AED45166B}.Release|Any CPU.ActiveCfg = Release|Any CPU
		{E4CB665B-A548-4514-83B7-019AED45166B}.Release|Any CPU.Build.0 = Release|Any CPU
		{45B58326-6B5F-4658-8CC3-2B2BA1BE44DE}.Debug|Any CPU.ActiveCfg = Debug|Any CPU
		{45B58326-6B5F-4658-8CC3-2B2BA1BE44DE}.Debug|Any CPU.Build.0 = Debug|Any CPU
		{45B58326-6B5F-4658-8CC3-2B2BA1BE44DE}.Release|Any CPU.ActiveCfg = Release|Any CPU
		{45B58326-6B5F-4658-8CC3-2B2BA1BE44DE}.Release|Any CPU.Build.0 = Release|Any CPU
		{0FAF0EA3-986B-4D27-A37A-1B58FD40F247}.Debug|Any CPU.ActiveCfg = Debug|Any CPU
		{0FAF0EA3-986B-4D27-A37A-1B58FD40F247}.Debug|Any CPU.Build.0 = Debug|Any CPU
		{0FAF0EA3-986B-4D27-A37A-1B58FD40F247}.Release|Any CPU.ActiveCfg = Release|Any CPU
		{0FAF0EA3-986B-4D27-A37A-1B58FD40F247}.Release|Any CPU.Build.0 = Release|Any CPU
		{75A06052-40E4-472F-97EC-66F790225A2F}.Debug|Any CPU.ActiveCfg = Debug|Any CPU
		{75A06052-40E4-472F-97EC-66F790225A2F}.Debug|Any CPU.Build.0 = Debug|Any CPU
		{75A06052-40E4-472F-97EC-66F790225A2F}.Release|Any CPU.ActiveCfg = Release|Any CPU
		{75A06052-40E4-472F-97EC-66F790225A2F}.Release|Any CPU.Build.0 = Release|Any CPU
	EndGlobalSection
	GlobalSection(SolutionProperties) = preSolution
		HideSolutionNode = FALSE
	EndGlobalSection
	GlobalSection(ExtensibilityGlobals) = postSolution
		SolutionGuid = {F369C416-EE29-4A3F-A00A-FDFD3B369773}
	EndGlobalSection
EndGlobal
