
Microsoft Visual Studio Solution File, Format Version 12.00
# Visual Studio Version 17
VisualStudioVersion = 17.5.33424.131
MinimumVisualStudioVersion = 10.0.40219.1
Project("{FAE04EC0-301F-11D3-BF4B-00C04F79EFBC}") = "inheritancePractice_7.1", "inheritancePractice_7.1\inheritancePractice_7.1.csproj", "{4AA10AEB-5DAD-4D20-B16F-931ADF2ECED4}"
EndProject
Project("{FAE04EC0-301F-11D3-BF4B-00C04F79EFBC}") = "Task_7.1.4", "Task_7.1.4\Task_7.1.4.csproj", "{E4CB665B-A548-4514-83B7-019AED45166B}"
EndProject
Project("{FAE04EC0-301F-11D3-BF4B-00C04F79EFBC}") = "Task_7.1.5", "Task_7.1.5\Task_7.1.5.csproj", "{45B58326-6B5F-4658-8CC3-2B2BA1BE44DE}"
EndProject
Project("{FAE04EC0-301F-11D3-BF4B-00C04F79EFBC}") = "KeywordsThisAndBase_7.1", "KeywordsThisAndBase_7.1\KeywordsThisAndBase_7.1.csproj", "{0FAF0EA3-986B-4D27-A37A-1B58FD40F247}"
EndProject
Project("{FAE04EC0-301F-11D3-BF4B-00C04F79EFBC}") = "Task_7.1.6", "Task_7.1.6\Task_7.1.6.csproj", "{75A06052-40E4-472F-97EC-66F790225A2F}"
EndProject
Project("{FAE04EC0-301F-11D3-BF4B-00C04F79EFBC}") = "Task_7.1.7", "Task_7.1.7\Task_7.1.7.csproj", "{3EDA884A-0828-4E39-9668-A0FC6F89B96F}"
EndProject
Project("{FAE04EC0-301F-11D3-BF4B-00C04F79EFBC}") = "Task_7.1.10", "Task_7.1.10\Task_7.1.10.csproj", "{BF0A4C7B-DCEE-4278-8E40-A4D70B5711CA}"
EndProject
Project("{FAE04EC0-301F-11D3-BF4B-00C04F79EFBC}") = "TypeConversion_7.1", "TypeConversion_7.1\TypeConversion_7.1.csproj", "{1E8B7733-FB39-434D-93AA-C902E9D8EA0C}"
EndProject
Project("{FAE04EC0-301F-11D3-BF4B-00C04F79EFBC}") = "Polymorphism_7.2", "Polymorphism_7.2\Polymorphism_7.2.csproj", "{606901B8-BD73-4E50-BC80-1D590D1DC79E}"
EndProject
Project("{FAE04EC0-301F-11D3-BF4B-00C04F79EFBC}") = "Task_7.2.3", "Task_7.2.3\Task_7.2.3.csproj", "{5F83DC1B-7F57-4E04-AFFB-DDCD9F81EB75}"
EndProject
Project("{FAE04EC0-301F-11D3-BF4B-00C04F79EFBC}") = "OverridingProperties_7.2", "OverridingProperties_7.2\OverridingProperties_7.2.csproj", "{F59A74FD-34E7-4B5D-BEF6-0F51F89F416E}"
EndProject
Project("{FAE04EC0-301F-11D3-BF4B-00C04F79EFBC}") = "Task_7.2.4", "Task_7.2.4\Task_7.2.4.csproj", "{6125CB1C-8903-4FE1-A386-DC0BC862CAA4}"
EndProject
Project("{FAE04EC0-301F-11D3-BF4B-00C04F79EFBC}") = "Task_7.2.5", "Task_7.2.5\Task_7.2.5.csproj", "{1E7E6296-25D6-40D8-8D1C-A38901A10643}"
EndProject
Project("{FAE04EC0-301F-11D3-BF4B-00C04F79EFBC}") = "HidingMethods_7.2", "HidingMethods_7.2\HidingMethods_7.2.csproj", "{7349F77E-1897-4DA6-BE53-F35B3FDF4736}"
EndProject
Project("{FAE04EC0-301F-11D3-BF4B-00C04F79EFBC}") = "Task_7.2.8", "Task_7.2.8\Task_7.2.8.csproj", "{CE613680-50B8-4E16-B46D-3DAD697139C4}"
EndProject
Project("{FAE04EC0-301F-11D3-BF4B-00C04F79EFBC}") = "Task_7.2.12", "Task_7.2.12\Task_7.2.12.csproj", "{F3468DFF-C2EC-477F-BC23-F9B094FE4063}"
EndProject
Global
	GlobalSection(SolutionConfigurationPlatforms) = preSolution
		Debug|Any CPU = Debug|Any CPU
		Release|Any CPU = Release|Any CPU
	EndGlobalSection
	GlobalSection(ProjectConfigurationPlatforms) = postSolution
		{4AA10AEB-5DAD-4D20-B16F-931ADF2ECED4}.Debug|Any CPU.ActiveCfg = Debug|Any CPU
		{4AA10AEB-5DAD-4D20-B16F-931ADF2ECED4}.Debug|Any CPU.Build.0 = Debug|Any CPU
		{4AA10AEB-5DAD-4D20-B16F-931ADF2ECED4}.Release|Any CPU.ActiveCfg = Release|Any CPU
		{4AA10AEB-5DAD-4D20-B16F-931ADF2ECED4}.Release|Any CPU.Build.0 = Release|Any CPU
		{E4CB665B-A548-4514-83B7-019AED45166B}.Debug|Any CPU.ActiveCfg = Debug|Any CPU
		{E4CB665B-A548-4514-83B7-019AED45166B}.Debug|Any CPU.Build.0 = Debug|Any CPU
		{E4CB665B-A548-4514-83B7-019AED45166B}.Release|Any CPU.ActiveCfg = Release|Any CPU
		{E4CB665B-A548-4514-83B7-019AED45166B}.Release|Any CPU.Build.0 = Release|Any CPU
		{45B58326-6B5F-4658-8CC3-2B2BA1BE44DE}.Debug|Any CPU.ActiveCfg = Debug|Any CPU
		{45B58326-6B5F-4658-8CC3-2B2BA1BE44DE}.Debug|Any CPU.Build.0 = Debug|Any CPU
		{45B58326-6B5F-4658-8CC3-2B2BA1BE44DE}.Release|Any CPU.ActiveCfg = Release|Any CPU
		{45B58326-6B5F-4658-8CC3-2B2BA1BE44DE}.Release|Any CPU.Build.0 = Release|Any CPU
		{0FAF0EA3-986B-4D27-A37A-1B58FD40F247}.Debug|Any CPU.ActiveCfg = Debug|Any CPU
		{0FAF0EA3-986B-4D27-A37A-1B58FD40F247}.Debug|Any CPU.Build.0 = Debug|Any CPU
		{0FAF0EA3-986B-4D27-A37A-1B58FD40F247}.Release|Any CPU.ActiveCfg = Release|Any CPU
		{0FAF0EA3-986B-4D27-A37A-1B58FD40F247}.Release|Any CPU.Build.0 = Release|Any CPU
		{75A06052-40E4-472F-97EC-66F790225A2F}.Debug|Any CPU.ActiveCfg = Debug|Any CPU
		{75A06052-40E4-472F-97EC-66F790225A2F}.Debug|Any CPU.Build.0 = Debug|Any CPU
		{75A06052-40E4-472F-97EC-66F790225A2F}.Release|Any CPU.ActiveCfg = Release|Any CPU
		{75A06052-40E4-472F-97EC-66F790225A2F}.Release|Any CPU.Build.0 = Release|Any CPU
		{3EDA884A-0828-4E39-9668-A0FC6F89B96F}.Debug|Any CPU.ActiveCfg = Debug|Any CPU
		{3EDA884A-0828-4E39-9668-A0FC6F89B96F}.Debug|Any CPU.Build.0 = Debug|Any CPU
		{3EDA884A-0828-4E39-9668-A0FC6F89B96F}.Release|Any CPU.ActiveCfg = Release|Any CPU
		{3EDA884A-0828-4E39-9668-A0FC6F89B96F}.Release|Any CPU.Build.0 = Release|Any CPU
		{BF0A4C7B-DCEE-4278-8E40-A4D70B5711CA}.Debug|Any CPU.ActiveCfg = Debug|Any CPU
		{BF0A4C7B-DCEE-4278-8E40-A4D70B5711CA}.Debug|Any CPU.Build.0 = Debug|Any CPU
		{BF0A4C7B-DCEE-4278-8E40-A4D70B5711CA}.Release|Any CPU.ActiveCfg = Release|Any CPU
		{BF0A4C7B-DCEE-4278-8E40-A4D70B5711CA}.Release|Any CPU.Build.0 = Release|Any CPU
		{1E8B7733-FB39-434D-93AA-C902E9D8EA0C}.Debug|Any CPU.ActiveCfg = Debug|Any CPU
		{1E8B7733-FB39-434D-93AA-C902E9D8EA0C}.Debug|Any CPU.Build.0 = Debug|Any CPU
		{1E8B7733-FB39-434D-93AA-C902E9D8EA0C}.Release|Any CPU.ActiveCfg = Release|Any CPU
		{1E8B7733-FB39-434D-93AA-C902E9D8EA0C}.Release|Any CPU.Build.0 = Release|Any CPU
		{606901B8-BD73-4E50-BC80-1D590D1DC79E}.Debug|Any CPU.ActiveCfg = Debug|Any CPU
		{606901B8-BD73-4E50-BC80-1D590D1DC79E}.Debug|Any CPU.Build.0 = Debug|Any CPU
		{606901B8-BD73-4E50-BC80-1D590D1DC79E}.Release|Any CPU.ActiveCfg = Release|Any CPU
		{606901B8-BD73-4E50-BC80-1D590D1DC79E}.Release|Any CPU.Build.0 = Release|Any CPU
		{5F83DC1B-7F57-4E04-AFFB-DDCD9F81EB75}.Debug|Any CPU.ActiveCfg = Debug|Any CPU
		{5F83DC1B-7F57-4E04-AFFB-DDCD9F81EB75}.Debug|Any CPU.Build.0 = Debug|Any CPU
		{5F83DC1B-7F57-4E04-AFFB-DDCD9F81EB75}.Release|Any CPU.ActiveCfg = Release|Any CPU
		{5F83DC1B-7F57-4E04-AFFB-DDCD9F81EB75}.Release|Any CPU.Build.0 = Release|Any CPU
		{F59A74FD-34E7-4B5D-BEF6-0F51F89F416E}.Debug|Any CPU.ActiveCfg = Debug|Any CPU
		{F59A74FD-34E7-4B5D-BEF6-0F51F89F416E}.Debug|Any CPU.Build.0 = Debug|Any CPU
		{F59A74FD-34E7-4B5D-BEF6-0F51F89F416E}.Release|Any CPU.ActiveCfg = Release|Any CPU
		{F59A74FD-34E7-4B5D-BEF6-0F51F89F416E}.Release|Any CPU.Build.0 = Release|Any CPU
		{6125CB1C-8903-4FE1-A386-DC0BC862CAA4}.Debug|Any CPU.ActiveCfg = Debug|Any CPU
		{6125CB1C-8903-4FE1-A386-DC0BC862CAA4}.Debug|Any CPU.Build.0 = Debug|Any CPU
		{6125CB1C-8903-4FE1-A386-DC0BC862CAA4}.Release|Any CPU.ActiveCfg = Release|Any CPU
		{6125CB1C-8903-4FE1-A386-DC0BC862CAA4}.Release|Any CPU.Build.0 = Release|Any CPU
		{1E7E6296-25D6-40D8-8D1C-A38901A10643}.Debug|Any CPU.ActiveCfg = Debug|Any CPU
		{1E7E6296-25D6-40D8-8D1C-A38901A10643}.Debug|Any CPU.Build.0 = Debug|Any CPU
		{1E7E6296-25D6-40D8-8D1C-A38901A10643}.Release|Any CPU.ActiveCfg = Release|Any CPU
		{1E7E6296-25D6-40D8-8D1C-A38901A10643}.Release|Any CPU.Build.0 = Release|Any CPU
		{7349F77E-1897-4DA6-BE53-F35B3FDF4736}.Debug|Any CPU.ActiveCfg = Debug|Any CPU
		{7349F77E-1897-4DA6-BE53-F35B3FDF4736}.Debug|Any CPU.Build.0 = Debug|Any CPU
		{7349F77E-1897-4DA6-BE53-F35B3FDF4736}.Release|Any CPU.ActiveCfg = Release|Any CPU
		{7349F77E-1897-4DA6-BE53-F35B3FDF4736}.Release|Any CPU.Build.0 = Release|Any CPU
		{CE613680-50B8-4E16-B46D-3DAD697139C4}.Debug|Any CPU.ActiveCfg = Debug|Any CPU
		{CE613680-50B8-4E16-B46D-3DAD697139C4}.Debug|Any CPU.Build.0 = Debug|Any CPU
		{CE613680-50B8-4E16-B46D-3DAD697139C4}.Release|Any CPU.ActiveCfg = Release|Any CPU
		{CE613680-50B8-4E16-B46D-3DAD697139C4}.Release|Any CPU.Build.0 = Release|Any CPU
		{F3468DFF-C2EC-477F-BC23-F9B094FE4063}.Debug|Any CPU.ActiveCfg = Debug|Any CPU
		{F3468DFF-C2EC-477F-BC23-F9B094FE4063}.Debug|Any CPU.Build.0 = Debug|Any CPU
		{F3468DFF-C2EC-477F-BC23-F9B094FE4063}.Release|Any CPU.ActiveCfg = Release|Any CPU
		{F3468DFF-C2EC-477F-BC23-F9B094FE4063}.Release|Any CPU.Build.0 = Release|Any CPU
	EndGlobalSection
	GlobalSection(SolutionProperties) = preSolution
		HideSolutionNode = FALSE
	EndGlobalSection
	GlobalSection(ExtensibilityGlobals) = postSolution
		SolutionGuid = {F369C416-EE29-4A3F-A00A-FDFD3B369773}
	EndGlobalSection
EndGlobal
