
Microsoft Visual Studio Solution File, Format Version 12.00
# Visual Studio Version 17
VisualStudioVersion = 17.5.33424.131
MinimumVisualStudioVersion = 10.0.40219.1
Project("{9A19103F-16F7-4668-BE54-9A1E7A4F7556}") = "inheritancePractice_7.1", "inheritancePractice_7.1\inheritancePractice_7.1.csproj", "{4AA10AEB-5DAD-4D20-B16F-931ADF2ECED4}"
EndProject
Project("{9A19103F-16F7-4668-BE54-9A1E7A4F7556}") = "Task_7.1.4", "Task_7.1.4\Task_7.1.4.csproj", "{E4CB665B-A548-4514-83B7-019AED45166B}"
EndProject
Project("{9A19103F-16F7-4668-BE54-9A1E7A4F7556}") = "Task_7.1.5", "Task_7.1.5\Task_7.1.5.csproj", "{45B58326-6B5F-4658-8CC3-2B2BA1BE44DE}"
EndProject
Project("{9A19103F-16F7-4668-BE54-9A1E7A4F7556}") = "KeywordsThisAndBase_7.1", "KeywordsThisAndBase_7.1\KeywordsThisAndBase_7.1.csproj", "{0FAF0EA3-986B-4D27-A37A-1B58FD40F247}"
EndProject
Project("{9A19103F-16F7-4668-BE54-9A1E7A4F7556}") = "Task_7.1.6", "Task_7.1.6\Task_7.1.6.csproj", "{75A06052-40E4-472F-97EC-66F790225A2F}"
EndProject
Project("{9A19103F-16F7-4668-BE54-9A1E7A4F7556}") = "Task_7.1.7", "Task_7.1.7\Task_7.1.7.csproj", "{3EDA884A-0828-4E39-9668-A0FC6F89B96F}"
EndProject
Project("{9A19103F-16F7-4668-BE54-9A1E7A4F7556}") = "Task_7.1.10", "Task_7.1.10\Task_7.1.10.csproj", "{BF0A4C7B-DCEE-4278-8E40-A4D70B5711CA}"
EndProject
Project("{9A19103F-16F7-4668-BE54-9A1E7A4F7556}") = "TypeConversion_7.1", "TypeConversion_7.1\TypeConversion_7.1.csproj", "{1E8B7733-FB39-434D-93AA-C902E9D8EA0C}"
EndProject
Project("{9A19103F-16F7-4668-BE54-9A1E7A4F7556}") = "Polymorphism_7.2", "Polymorphism_7.2\Polymorphism_7.2.csproj", "{606901B8-BD73-4E50-BC80-1D590D1DC79E}"
EndProject
Project("{9A19103F-16F7-4668-BE54-9A1E7A4F7556}") = "Task_7.2.3", "Task_7.2.3\Task_7.2.3.csproj", "{5F83DC1B-7F57-4E04-AFFB-DDCD9F81EB75}"
EndProject
Project("{9A19103F-16F7-4668-BE54-9A1E7A4F7556}") = "OverridingProperties_7.2", "OverridingProperties_7.2\OverridingProperties_7.2.csproj", "{F59A74FD-34E7-4B5D-BEF6-0F51F89F416E}"
EndProject
Project("{9A19103F-16F7-4668-BE54-9A1E7A4F7556}") = "Task_7.2.4", "Task_7.2.4\Task_7.2.4.csproj", "{6125CB1C-8903-4FE1-A386-DC0BC862CAA4}"
EndProject
Project("{9A19103F-16F7-4668-BE54-9A1E7A4F7556}") = "Task_7.2.5", "Task_7.2.5\Task_7.2.5.csproj", "{1E7E6296-25D6-40D8-8D1C-A38901A10643}"
EndProject
Project("{9A19103F-16F7-4668-BE54-9A1E7A4F7556}") = "HidingMethods_7.2", "HidingMethods_7.2\HidingMethods_7.2.csproj", "{7349F77E-1897-4DA6-BE53-F35B3FDF4736}"
EndProject
Project("{9A19103F-16F7-4668-BE54-9A1E7A4F7556}") = "Task_7.2.8", "Task_7.2.8\Task_7.2.8.csproj", "{CE613680-50B8-4E16-B46D-3DAD697139C4}"
EndProject
Project("{9A19103F-16F7-4668-BE54-9A1E7A4F7556}") = "Task_7.2.12", "Task_7.2.12\Task_7.2.12.csproj", "{F3468DFF-C2EC-477F-BC23-F9B094FE4063}"
EndProject
Project("{9A19103F-16F7-4668-BE54-9A1E7A4F7556}") = "Indexers_7.2", "Indexers_7.2\Indexers_7.2.csproj", "{9533A471-0717-4D4C-AE70-36375FD6FCCB}"
EndProject
Project("{9A19103F-16F7-4668-BE54-9A1E7A4F7556}") = "Task_7.2.14", "Task_7.2.14\Task_7.2.14.csproj", "{E41E630E-B238-4ADD-9368-38154C5F7083}"
EndProject
Project("{9A19103F-16F7-4668-BE54-9A1E7A4F7556}") = "AbstractClass_7.3", "AbstractClass_7.3\AbstractClass_7.3.csproj", "{24987415-12E7-4A3E-8676-161F72E15784}"
EndProject
Project("{9A19103F-16F7-4668-BE54-9A1E7A4F7556}") = "AbstractMethods_7.3", "AbstractMethods_7.3\AbstractMethods_7.3.csproj", "{3CF86492-58D3-417F-B279-66912EAD8FAB}"
EndProject
Project("{9A19103F-16F7-4668-BE54-9A1E7A4F7556}") = "Task_7.3.3", "Task_7.3.3\Task_7.3.3.csproj", "{8EB0FCBA-37FD-4EF2-BC37-C710FFDE90F1}"
EndProject
Project("{9A19103F-16F7-4668-BE54-9A1E7A4F7556}") = "AbstractProperties_7.3", "AbstractProperties_7.3\AbstractProperties_7.3.csproj", "{0A78A12B-2D4C-48CC-8483-D0E1D5377DAF}"
EndProject
Project("{FAE04EC0-301F-11D3-BF4B-00C04F79EFBC}") = "Practice_7.5", "Practice_7.5\Practice_7.5.csproj", "{3AFAE83C-72DC-4D74-B08A-954D956987DD}"
EndProject
Project("{FAE04EC0-301F-11D3-BF4B-00C04F79EFBC}") = "Task_7.5.2", "Task_7.5.2\Task_7.5.2.csproj", "{D6A33699-2EB5-41CE-80AB-2336C5E4AE69}"
EndProject
Project("{FAE04EC0-301F-11D3-BF4B-00C04F79EFBC}") = "StaticPropertiesMethodsFields_7.5", "StaticPropertiesMethodsFields_7.5\StaticPropertiesMethodsFields_7.5.csproj", "{2CD7FEC3-666E-4B52-AD2E-E0845F862A05}"
EndProject
Project("{FAE04EC0-301F-11D3-BF4B-00C04F79EFBC}") = "Task_7.5.3", "Task_7.5.3\Task_7.5.3.csproj", "{678C3551-A7B2-4D3E-99CC-EE3038362562}"
EndProject
Project("{FAE04EC0-301F-11D3-BF4B-00C04F79EFBC}") = "StaticConstructor_7.5", "StaticConstructor_7.5\StaticConstructor_7.5.csproj", "{E6A7AF69-4EC6-4866-B3B2-EDB9AF0875EF}"
EndProject
Project("{FAE04EC0-301F-11D3-BF4B-00C04F79EFBC}") = "Task_7.5.5", "Task_7.5.5\Task_7.5.5.csproj", "{9903C3CF-AC85-4A6D-936E-BEE6D05C026A}"
EndProject
Project("{FAE04EC0-301F-11D3-BF4B-00C04F79EFBC}") = "StaticClasses_7.5", "StaticClasses_7.5\StaticClasses_7.5.csproj", "{91AA6E66-AED4-43ED-B7C0-D73331BE26B9}"
EndProject
Project("{FAE04EC0-301F-11D3-BF4B-00C04F79EFBC}") = "ExtensionMethods_7.5", "ExtensionMethods_7.5\ExtensionMethods_7.5.csproj", "{61BD4537-7AF7-4CE3-A4DA-D3FF6C5D0289}"
EndProject
Project("{FAE04EC0-301F-11D3-BF4B-00C04F79EFBC}") = "Task_7.5.9", "Task_7.5.9\Task_7.5.9.csproj", "{1475A67D-3A6B-495E-A5D4-7250057AC5A1}"
EndProject
Project("{FAE04EC0-301F-11D3-BF4B-00C04F79EFBC}") = "GeneralizationsPractice_7.6", "GeneralizationsPractice_7.6\GeneralizationsPractice_7.6.csproj", "{4A113058-BBD0-475A-9A69-A14867C1E148}"
EndProject
Global
	GlobalSection(SolutionConfigurationPlatforms) = preSolution
		Debug|Any CPU = Debug|Any CPU
		Release|Any CPU = Release|Any CPU
	EndGlobalSection
	GlobalSection(ProjectConfigurationPlatforms) = postSolution
		{4AA10AEB-5DAD-4D20-B16F-931ADF2ECED4}.Debug|Any CPU.ActiveCfg = Debug|Any CPU
		{4AA10AEB-5DAD-4D20-B16F-931ADF2ECED4}.Debug|Any CPU.Build.0 = Debug|Any CPU
		{4AA10AEB-5DAD-4D20-B16F-931ADF2ECED4}.Release|Any CPU.ActiveCfg = Release|Any CPU
		{4AA10AEB-5DAD-4D20-B16F-931ADF2ECED4}.Release|Any CPU.Build.0 = Release|Any CPU
		{E4CB665B-A548-4514-83B7-019AED45166B}.Debug|Any CPU.ActiveCfg = Debug|Any CPU
		{E4CB665B-A548-4514-83B7-019AED45166B}.Debug|Any CPU.Build.0 = Debug|Any CPU
		{E4CB665B-A548-4514-83B7-019AED45166B}.Release|Any CPU.ActiveCfg = Release|Any CPU
		{E4CB665B-A548-4514-83B7-019AED45166B}.Release|Any CPU.Build.0 = Release|Any CPU
		{45B58326-6B5F-4658-8CC3-2B2BA1BE44DE}.Debug|Any CPU.ActiveCfg = Debug|Any CPU
		{45B58326-6B5F-4658-8CC3-2B2BA1BE44DE}.Debug|Any CPU.Build.0 = Debug|Any CPU
		{45B58326-6B5F-4658-8CC3-2B2BA1BE44DE}.Release|Any CPU.ActiveCfg = Release|Any CPU
		{45B58326-6B5F-4658-8CC3-2B2BA1BE44DE}.Release|Any CPU.Build.0 = Release|Any CPU
		{0FAF0EA3-986B-4D27-A37A-1B58FD40F247}.Debug|Any CPU.ActiveCfg = Debug|Any CPU
		{0FAF0EA3-986B-4D27-A37A-1B58FD40F247}.Debug|Any CPU.Build.0 = Debug|Any CPU
		{0FAF0EA3-986B-4D27-A37A-1B58FD40F247}.Release|Any CPU.ActiveCfg = Release|Any CPU
		{0FAF0EA3-986B-4D27-A37A-1B58FD40F247}.Release|Any CPU.Build.0 = Release|Any CPU
		{75A06052-40E4-472F-97EC-66F790225A2F}.Debug|Any CPU.ActiveCfg = Debug|Any CPU
		{75A06052-40E4-472F-97EC-66F790225A2F}.Debug|Any CPU.Build.0 = Debug|Any CPU
		{75A06052-40E4-472F-97EC-66F790225A2F}.Release|Any CPU.ActiveCfg = Release|Any CPU
		{75A06052-40E4-472F-97EC-66F790225A2F}.Release|Any CPU.Build.0 = Release|Any CPU
		{3EDA884A-0828-4E39-9668-A0FC6F89B96F}.Debug|Any CPU.ActiveCfg = Debug|Any CPU
		{3EDA884A-0828-4E39-9668-A0FC6F89B96F}.Debug|Any CPU.Build.0 = Debug|Any CPU
		{3EDA884A-0828-4E39-9668-A0FC6F89B96F}.Release|Any CPU.ActiveCfg = Release|Any CPU
		{3EDA884A-0828-4E39-9668-A0FC6F89B96F}.Release|Any CPU.Build.0 = Release|Any CPU
		{BF0A4C7B-DCEE-4278-8E40-A4D70B5711CA}.Debug|Any CPU.ActiveCfg = Debug|Any CPU
		{BF0A4C7B-DCEE-4278-8E40-A4D70B5711CA}.Debug|Any CPU.Build.0 = Debug|Any CPU
		{BF0A4C7B-DCEE-4278-8E40-A4D70B5711CA}.Release|Any CPU.ActiveCfg = Release|Any CPU
		{BF0A4C7B-DCEE-4278-8E40-A4D70B5711CA}.Release|Any CPU.Build.0 = Release|Any CPU
		{1E8B7733-FB39-434D-93AA-C902E9D8EA0C}.Debug|Any CPU.ActiveCfg = Debug|Any CPU
		{1E8B7733-FB39-434D-93AA-C902E9D8EA0C}.Debug|Any CPU.Build.0 = Debug|Any CPU
		{1E8B7733-FB39-434D-93AA-C902E9D8EA0C}.Release|Any CPU.ActiveCfg = Release|Any CPU
		{1E8B7733-FB39-434D-93AA-C902E9D8EA0C}.Release|Any CPU.Build.0 = Release|Any CPU
		{606901B8-BD73-4E50-BC80-1D590D1DC79E}.Debug|Any CPU.ActiveCfg = Debug|Any CPU
		{606901B8-BD73-4E50-BC80-1D590D1DC79E}.Debug|Any CPU.Build.0 = Debug|Any CPU
		{606901B8-BD73-4E50-BC80-1D590D1DC79E}.Release|Any CPU.ActiveCfg = Release|Any CPU
		{606901B8-BD73-4E50-BC80-1D590D1DC79E}.Release|Any CPU.Build.0 = Release|Any CPU
		{5F83DC1B-7F57-4E04-AFFB-DDCD9F81EB75}.Debug|Any CPU.ActiveCfg = Debug|Any CPU
		{5F83DC1B-7F57-4E04-AFFB-DDCD9F81EB75}.Debug|Any CPU.Build.0 = Debug|Any CPU
		{5F83DC1B-7F57-4E04-AFFB-DDCD9F81EB75}.Release|Any CPU.ActiveCfg = Release|Any CPU
		{5F83DC1B-7F57-4E04-AFFB-DDCD9F81EB75}.Release|Any CPU.Build.0 = Release|Any CPU
		{F59A74FD-34E7-4B5D-BEF6-0F51F89F416E}.Debug|Any CPU.ActiveCfg = Debug|Any CPU
		{F59A74FD-34E7-4B5D-BEF6-0F51F89F416E}.Debug|Any CPU.Build.0 = Debug|Any CPU
		{F59A74FD-34E7-4B5D-BEF6-0F51F89F416E}.Release|Any CPU.ActiveCfg = Release|Any CPU
		{F59A74FD-34E7-4B5D-BEF6-0F51F89F416E}.Release|Any CPU.Build.0 = Release|Any CPU
		{6125CB1C-8903-4FE1-A386-DC0BC862CAA4}.Debug|Any CPU.ActiveCfg = Debug|Any CPU
		{6125CB1C-8903-4FE1-A386-DC0BC862CAA4}.Debug|Any CPU.Build.0 = Debug|Any CPU
		{6125CB1C-8903-4FE1-A386-DC0BC862CAA4}.Release|Any CPU.ActiveCfg = Release|Any CPU
		{6125CB1C-8903-4FE1-A386-DC0BC862CAA4}.Release|Any CPU.Build.0 = Release|Any CPU
		{1E7E6296-25D6-40D8-8D1C-A38901A10643}.Debug|Any CPU.ActiveCfg = Debug|Any CPU
		{1E7E6296-25D6-40D8-8D1C-A38901A10643}.Debug|Any CPU.Build.0 = Debug|Any CPU
		{1E7E6296-25D6-40D8-8D1C-A38901A10643}.Release|Any CPU.ActiveCfg = Release|Any CPU
		{1E7E6296-25D6-40D8-8D1C-A38901A10643}.Release|Any CPU.Build.0 = Release|Any CPU
		{7349F77E-1897-4DA6-BE53-F35B3FDF4736}.Debug|Any CPU.ActiveCfg = Debug|Any CPU
		{7349F77E-1897-4DA6-BE53-F35B3FDF4736}.Debug|Any CPU.Build.0 = Debug|Any CPU
		{7349F77E-1897-4DA6-BE53-F35B3FDF4736}.Release|Any CPU.ActiveCfg = Release|Any CPU
		{7349F77E-1897-4DA6-BE53-F35B3FDF4736}.Release|Any CPU.Build.0 = Release|Any CPU
		{CE613680-50B8-4E16-B46D-3DAD697139C4}.Debug|Any CPU.ActiveCfg = Debug|Any CPU
		{CE613680-50B8-4E16-B46D-3DAD697139C4}.Debug|Any CPU.Build.0 = Debug|Any CPU
		{CE613680-50B8-4E16-B46D-3DAD697139C4}.Release|Any CPU.ActiveCfg = Release|Any CPU
		{CE613680-50B8-4E16-B46D-3DAD697139C4}.Release|Any CPU.Build.0 = Release|Any CPU
		{F3468DFF-C2EC-477F-BC23-F9B094FE4063}.Debug|Any CPU.ActiveCfg = Debug|Any CPU
		{F3468DFF-C2EC-477F-BC23-F9B094FE4063}.Debug|Any CPU.Build.0 = Debug|Any CPU
		{F3468DFF-C2EC-477F-BC23-F9B094FE4063}.Release|Any CPU.ActiveCfg = Release|Any CPU
		{F3468DFF-C2EC-477F-BC23-F9B094FE4063}.Release|Any CPU.Build.0 = Release|Any CPU
		{9533A471-0717-4D4C-AE70-36375FD6FCCB}.Debug|Any CPU.ActiveCfg = Debug|Any CPU
		{9533A471-0717-4D4C-AE70-36375FD6FCCB}.Debug|Any CPU.Build.0 = Debug|Any CPU
		{9533A471-0717-4D4C-AE70-36375FD6FCCB}.Release|Any CPU.ActiveCfg = Release|Any CPU
		{9533A471-0717-4D4C-AE70-36375FD6FCCB}.Release|Any CPU.Build.0 = Release|Any CPU
		{E41E630E-B238-4ADD-9368-38154C5F7083}.Debug|Any CPU.ActiveCfg = Debug|Any CPU
		{E41E630E-B238-4ADD-9368-38154C5F7083}.Debug|Any CPU.Build.0 = Debug|Any CPU
		{E41E630E-B238-4ADD-9368-38154C5F7083}.Release|Any CPU.ActiveCfg = Release|Any CPU
		{E41E630E-B238-4ADD-9368-38154C5F7083}.Release|Any CPU.Build.0 = Release|Any CPU
		{24987415-12E7-4A3E-8676-161F72E15784}.Debug|Any CPU.ActiveCfg = Debug|Any CPU
		{24987415-12E7-4A3E-8676-161F72E15784}.Debug|Any CPU.Build.0 = Debug|Any CPU
		{24987415-12E7-4A3E-8676-161F72E15784}.Release|Any CPU.ActiveCfg = Release|Any CPU
		{24987415-12E7-4A3E-8676-161F72E15784}.Release|Any CPU.Build.0 = Release|Any CPU
		{3CF86492-58D3-417F-B279-66912EAD8FAB}.Debug|Any CPU.ActiveCfg = Debug|Any CPU
		{3CF86492-58D3-417F-B279-66912EAD8FAB}.Debug|Any CPU.Build.0 = Debug|Any CPU
		{3CF86492-58D3-417F-B279-66912EAD8FAB}.Release|Any CPU.ActiveCfg = Release|Any CPU
		{3CF86492-58D3-417F-B279-66912EAD8FAB}.Release|Any CPU.Build.0 = Release|Any CPU
		{8EB0FCBA-37FD-4EF2-BC37-C710FFDE90F1}.Debug|Any CPU.ActiveCfg = Debug|Any CPU
		{8EB0FCBA-37FD-4EF2-BC37-C710FFDE90F1}.Debug|Any CPU.Build.0 = Debug|Any CPU
		{8EB0FCBA-37FD-4EF2-BC37-C710FFDE90F1}.Release|Any CPU.ActiveCfg = Release|Any CPU
		{8EB0FCBA-37FD-4EF2-BC37-C710FFDE90F1}.Release|Any CPU.Build.0 = Release|Any CPU
		{0A78A12B-2D4C-48CC-8483-D0E1D5377DAF}.Debug|Any CPU.ActiveCfg = Debug|Any CPU
		{0A78A12B-2D4C-48CC-8483-D0E1D5377DAF}.Debug|Any CPU.Build.0 = Debug|Any CPU
		{0A78A12B-2D4C-48CC-8483-D0E1D5377DAF}.Release|Any CPU.ActiveCfg = Release|Any CPU
		{0A78A12B-2D4C-48CC-8483-D0E1D5377DAF}.Release|Any CPU.Build.0 = Release|Any CPU
		{3AFAE83C-72DC-4D74-B08A-954D956987DD}.Debug|Any CPU.ActiveCfg = Debug|Any CPU
		{3AFAE83C-72DC-4D74-B08A-954D956987DD}.Debug|Any CPU.Build.0 = Debug|Any CPU
		{3AFAE83C-72DC-4D74-B08A-954D956987DD}.Release|Any CPU.ActiveCfg = Release|Any CPU
		{3AFAE83C-72DC-4D74-B08A-954D956987DD}.Release|Any CPU.Build.0 = Release|Any CPU
		{D6A33699-2EB5-41CE-80AB-2336C5E4AE69}.Debug|Any CPU.ActiveCfg = Debug|Any CPU
		{D6A33699-2EB5-41CE-80AB-2336C5E4AE69}.Debug|Any CPU.Build.0 = Debug|Any CPU
		{D6A33699-2EB5-41CE-80AB-2336C5E4AE69}.Release|Any CPU.ActiveCfg = Release|Any CPU
		{D6A33699-2EB5-41CE-80AB-2336C5E4AE69}.Release|Any CPU.Build.0 = Release|Any CPU
		{2CD7FEC3-666E-4B52-AD2E-E0845F862A05}.Debug|Any CPU.ActiveCfg = Debug|Any CPU
		{2CD7FEC3-666E-4B52-AD2E-E0845F862A05}.Debug|Any CPU.Build.0 = Debug|Any CPU
		{2CD7FEC3-666E-4B52-AD2E-E0845F862A05}.Release|Any CPU.ActiveCfg = Release|Any CPU
		{2CD7FEC3-666E-4B52-AD2E-E0845F862A05}.Release|Any CPU.Build.0 = Release|Any CPU
		{678C3551-A7B2-4D3E-99CC-EE3038362562}.Debug|Any CPU.ActiveCfg = Debug|Any CPU
		{678C3551-A7B2-4D3E-99CC-EE3038362562}.Debug|Any CPU.Build.0 = Debug|Any CPU
		{678C3551-A7B2-4D3E-99CC-EE3038362562}.Release|Any CPU.ActiveCfg = Release|Any CPU
		{678C3551-A7B2-4D3E-99CC-EE3038362562}.Release|Any CPU.Build.0 = Release|Any CPU
		{E6A7AF69-4EC6-4866-B3B2-EDB9AF0875EF}.Debug|Any CPU.ActiveCfg = Debug|Any CPU
		{E6A7AF69-4EC6-4866-B3B2-EDB9AF0875EF}.Debug|Any CPU.Build.0 = Debug|Any CPU
		{E6A7AF69-4EC6-4866-B3B2-EDB9AF0875EF}.Release|Any CPU.ActiveCfg = Release|Any CPU
		{E6A7AF69-4EC6-4866-B3B2-EDB9AF0875EF}.Release|Any CPU.Build.0 = Release|Any CPU
		{9903C3CF-AC85-4A6D-936E-BEE6D05C026A}.Debug|Any CPU.ActiveCfg = Debug|Any CPU
		{9903C3CF-AC85-4A6D-936E-BEE6D05C026A}.Debug|Any CPU.Build.0 = Debug|Any CPU
		{9903C3CF-AC85-4A6D-936E-BEE6D05C026A}.Release|Any CPU.ActiveCfg = Release|Any CPU
		{9903C3CF-AC85-4A6D-936E-BEE6D05C026A}.Release|Any CPU.Build.0 = Release|Any CPU
		{91AA6E66-AED4-43ED-B7C0-D73331BE26B9}.Debug|Any CPU.ActiveCfg = Debug|Any CPU
		{91AA6E66-AED4-43ED-B7C0-D73331BE26B9}.Debug|Any CPU.Build.0 = Debug|Any CPU
		{91AA6E66-AED4-43ED-B7C0-D73331BE26B9}.Release|Any CPU.ActiveCfg = Release|Any CPU
		{91AA6E66-AED4-43ED-B7C0-D73331BE26B9}.Release|Any CPU.Build.0 = Release|Any CPU
		{61BD4537-7AF7-4CE3-A4DA-D3FF6C5D0289}.Debug|Any CPU.ActiveCfg = Debug|Any CPU
		{61BD4537-7AF7-4CE3-A4DA-D3FF6C5D0289}.Debug|Any CPU.Build.0 = Debug|Any CPU
		{61BD4537-7AF7-4CE3-A4DA-D3FF6C5D0289}.Release|Any CPU.ActiveCfg = Release|Any CPU
		{61BD4537-7AF7-4CE3-A4DA-D3FF6C5D0289}.Release|Any CPU.Build.0 = Release|Any CPU
		{1475A67D-3A6B-495E-A5D4-7250057AC5A1}.Debug|Any CPU.ActiveCfg = Debug|Any CPU
		{1475A67D-3A6B-495E-A5D4-7250057AC5A1}.Debug|Any CPU.Build.0 = Debug|Any CPU
		{1475A67D-3A6B-495E-A5D4-7250057AC5A1}.Release|Any CPU.ActiveCfg = Release|Any CPU
		{1475A67D-3A6B-495E-A5D4-7250057AC5A1}.Release|Any CPU.Build.0 = Release|Any CPU
		{4A113058-BBD0-475A-9A69-A14867C1E148}.Debug|Any CPU.ActiveCfg = Debug|Any CPU
		{4A113058-BBD0-475A-9A69-A14867C1E148}.Debug|Any CPU.Build.0 = Debug|Any CPU
		{4A113058-BBD0-475A-9A69-A14867C1E148}.Release|Any CPU.ActiveCfg = Release|Any CPU
		{4A113058-BBD0-475A-9A69-A14867C1E148}.Release|Any CPU.Build.0 = Release|Any CPU
	EndGlobalSection
	GlobalSection(SolutionProperties) = preSolution
		HideSolutionNode = FALSE
	EndGlobalSection
	GlobalSection(ExtensibilityGlobals) = postSolution
		SolutionGuid = {F369C416-EE29-4A3F-A00A-FDFD3B369773}
	EndGlobalSection
EndGlobal
